
Microsoft Visual Studio Solution File, Format Version 12.00
# Visual Studio 15
VisualStudioVersion = 15.0.28307.757
MinimumVisualStudioVersion = 10.0.40219.1
Project("{E24C65DC-7377-472B-9ABA-BC803B73C61A}") = "RoomMagnet1", "RoomMagnet1\", "{E940770B-5F60-4E39-A1C1-E8D174903AF0}"
	ProjectSection(WebsiteProperties) = preProject
		TargetFrameworkMoniker = ".NETFramework,Version%3Dv4.6.1"
		Debug.AspNetCompiler.VirtualPath = "/localhost_64350"
		Debug.AspNetCompiler.PhysicalPath = "RoomMagnet1\"
		Debug.AspNetCompiler.TargetPath = "PrecompiledWeb\localhost_64350\"
		Debug.AspNetCompiler.Updateable = "true"
		Debug.AspNetCompiler.ForceOverwrite = "true"
		Debug.AspNetCompiler.FixedNames = "false"
		Debug.AspNetCompiler.Debug = "True"
		Release.AspNetCompiler.VirtualPath = "/localhost_64350"
		Release.AspNetCompiler.PhysicalPath = "RoomMagnet1\"
		Release.AspNetCompiler.TargetPath = "PrecompiledWeb\localhost_64350\"
		Release.AspNetCompiler.Updateable = "true"
		Release.AspNetCompiler.ForceOverwrite = "true"
		Release.AspNetCompiler.FixedNames = "false"
		Release.AspNetCompiler.Debug = "False"
		VWDPort = "64350"
		SlnRelativePath = "RoomMagnet1\"
		DefaultWebSiteLanguage = "Visual C#"
	EndProjectSection
EndProject
Global
	GlobalSection(SolutionConfigurationPlatforms) = preSolution
		Debug|Any CPU = Debug|Any CPU
	EndGlobalSection
	GlobalSection(ProjectConfigurationPlatforms) = postSolution
		{E940770B-5F60-4E39-A1C1-E8D174903AF0}.Debug|Any CPU.ActiveCfg = Debug|Any CPU
		{E940770B-5F60-4E39-A1C1-E8D174903AF0}.Debug|Any CPU.Build.0 = Debug|Any CPU
	EndGlobalSection
	GlobalSection(SolutionProperties) = preSolution
		HideSolutionNode = FALSE
	EndGlobalSection
	GlobalSection(ExtensibilityGlobals) = postSolution
		SolutionGuid = {9CFB9C6C-C4BA-42DF-AF93-E6F5C2A66317}
	EndGlobalSection
EndGlobal
